
Microsoft Visual Studio Solution File, Format Version 12.00
# Visual Studio Version 16
VisualStudioVersion = 16.0.29926.136
MinimumVisualStudioVersion = 10.0.40219.1
Project("{9A19103F-16F7-4668-BE54-9A1E7A4F7556}") = "ConsumingBinanceWebApi", "ConsumingBinanceWebApi\ConsumingBinanceWebApi.csproj", "{0B56E518-8882-4258-9CFF-EC0BFC849D63}"
EndProject
Project("{FAE04EC0-301F-11D3-BF4B-00C04F79EFBC}") = "NewWebApi", "NewWebApi\NewWebApi.csproj", "{76CE72F6-9DB0-41A3-BAF6-B7A28512ED41}"
EndProject
Global
	GlobalSection(SolutionConfigurationPlatforms) = preSolution
		Debug|Any CPU = Debug|Any CPU
		Release|Any CPU = Release|Any CPU
	EndGlobalSection
	GlobalSection(ProjectConfigurationPlatforms) = postSolution
		{0B56E518-8882-4258-9CFF-EC0BFC849D63}.Debug|Any CPU.ActiveCfg = Debug|Any CPU
		{0B56E518-8882-4258-9CFF-EC0BFC849D63}.Debug|Any CPU.Build.0 = Debug|Any CPU
		{0B56E518-8882-4258-9CFF-EC0BFC849D63}.Release|Any CPU.ActiveCfg = Release|Any CPU
		{0B56E518-8882-4258-9CFF-EC0BFC849D63}.Release|Any CPU.Build.0 = Release|Any CPU
		{76CE72F6-9DB0-41A3-BAF6-B7A28512ED41}.Debug|Any CPU.ActiveCfg = Debug|Any CPU
		{76CE72F6-9DB0-41A3-BAF6-B7A28512ED41}.Debug|Any CPU.Build.0 = Debug|Any CPU
		{76CE72F6-9DB0-41A3-BAF6-B7A28512ED41}.Release|Any CPU.ActiveCfg = Release|Any CPU
		{76CE72F6-9DB0-41A3-BAF6-B7A28512ED41}.Release|Any CPU.Build.0 = Release|Any CPU
	EndGlobalSection
	GlobalSection(SolutionProperties) = preSolution
		HideSolutionNode = FALSE
	EndGlobalSection
	GlobalSection(ExtensibilityGlobals) = postSolution
		SolutionGuid = {987FD95B-F16F-4F0B-B547-83AB1AF2BF42}
	EndGlobalSection
EndGlobal
